
Microsoft Visual Studio Solution File, Format Version 12.00
# Visual Studio 2013
VisualStudioVersion = 12.0.30501.0
MinimumVisualStudioVersion = 10.0.40219.1
Project("{FAE04EC0-301F-11D3-BF4B-00C04F79EFBC}") = "Ironhide.Api.Host", "Ironhide.Api.Host\Ironhide.Api.Host.csproj", "{EFD8559C-290D-45F6-A090-0ADE554A9065}"
EndProject
Project("{FAE04EC0-301F-11D3-BF4B-00C04F79EFBC}") = "Ironhide.Api.Infrastructure", "Ironhide.Api.Infrastructure\Ironhide.Api.Infrastructure.csproj", "{B3B743A1-FFF7-4EAF-80FA-2327AFE47D71}"
EndProject
Project("{FAE04EC0-301F-11D3-BF4B-00C04F79EFBC}") = "Ironhide.Api.Specs", "Ironhide.Api.Specs\Ironhide.Api.Specs.csproj", "{9062FFEA-2B44-4B1B-B6FB-6FA45E798269}"
EndProject
Project("{FAE04EC0-301F-11D3-BF4B-00C04F79EFBC}") = "Ironhide.Api.Specs.Integration", "Ironhide.Api.Specs.Integration\Ironhide.Api.Specs.Integration.csproj", "{58F7287C-82E2-4334-835E-833FA3C73F74}"
EndProject
Project("{FAE04EC0-301F-11D3-BF4B-00C04F79EFBC}") = "SlackClient", "SlackClient\SlackClient.csproj", "{F5A6AB83-921C-4EEE-B5A6-116C5EACE613}"
EndProject
Global
	GlobalSection(SolutionConfigurationPlatforms) = preSolution
		Debug|Any CPU = Debug|Any CPU
		Release|Any CPU = Release|Any CPU
	EndGlobalSection
	GlobalSection(ProjectConfigurationPlatforms) = postSolution
		{EFD8559C-290D-45F6-A090-0ADE554A9065}.Debug|Any CPU.ActiveCfg = Debug|Any CPU
		{EFD8559C-290D-45F6-A090-0ADE554A9065}.Debug|Any CPU.Build.0 = Debug|Any CPU
		{EFD8559C-290D-45F6-A090-0ADE554A9065}.Release|Any CPU.ActiveCfg = Release|Any CPU
		{EFD8559C-290D-45F6-A090-0ADE554A9065}.Release|Any CPU.Build.0 = Release|Any CPU
		{B3B743A1-FFF7-4EAF-80FA-2327AFE47D71}.Debug|Any CPU.ActiveCfg = Debug|Any CPU
		{B3B743A1-FFF7-4EAF-80FA-2327AFE47D71}.Debug|Any CPU.Build.0 = Debug|Any CPU
		{B3B743A1-FFF7-4EAF-80FA-2327AFE47D71}.Release|Any CPU.ActiveCfg = Release|Any CPU
		{B3B743A1-FFF7-4EAF-80FA-2327AFE47D71}.Release|Any CPU.Build.0 = Release|Any CPU
		{9062FFEA-2B44-4B1B-B6FB-6FA45E798269}.Debug|Any CPU.ActiveCfg = Debug|Any CPU
		{9062FFEA-2B44-4B1B-B6FB-6FA45E798269}.Debug|Any CPU.Build.0 = Debug|Any CPU
		{9062FFEA-2B44-4B1B-B6FB-6FA45E798269}.Release|Any CPU.ActiveCfg = Release|Any CPU
		{9062FFEA-2B44-4B1B-B6FB-6FA45E798269}.Release|Any CPU.Build.0 = Release|Any CPU
		{58F7287C-82E2-4334-835E-833FA3C73F74}.Debug|Any CPU.ActiveCfg = Debug|Any CPU
		{58F7287C-82E2-4334-835E-833FA3C73F74}.Debug|Any CPU.Build.0 = Debug|Any CPU
		{58F7287C-82E2-4334-835E-833FA3C73F74}.Release|Any CPU.ActiveCfg = Release|Any CPU
		{58F7287C-82E2-4334-835E-833FA3C73F74}.Release|Any CPU.Build.0 = Release|Any CPU
		{F5A6AB83-921C-4EEE-B5A6-116C5EACE613}.Debug|Any CPU.ActiveCfg = Debug|Any CPU
		{F5A6AB83-921C-4EEE-B5A6-116C5EACE613}.Debug|Any CPU.Build.0 = Debug|Any CPU
		{F5A6AB83-921C-4EEE-B5A6-116C5EACE613}.Release|Any CPU.ActiveCfg = Release|Any CPU
		{F5A6AB83-921C-4EEE-B5A6-116C5EACE613}.Release|Any CPU.Build.0 = Release|Any CPU
	EndGlobalSection
	GlobalSection(SolutionProperties) = preSolution
		HideSolutionNode = FALSE
	EndGlobalSection
EndGlobal
